// !$*UTF8*$!
{
	archiveVersion = 1;
	classes = {
	};
	objectVersion = 46;
	objects = {

/* Begin PBXBuildFile section */
		AA183F2A1D1A6DD300D31044 /* AnimalEncountersViewController.swift in Sources */ = {isa = PBXBuildFile; fileRef = AA183F291D1A6DD200D31044 /* AnimalEncountersViewController.swift */; };
		AA183F2C1D1A767F00D31044 /* AnimalDetailViewController.swift in Sources */ = {isa = PBXBuildFile; fileRef = AA183F2B1D1A767F00D31044 /* AnimalDetailViewController.swift */; };
		AA544C951D0BB66C00DC1725 /* AppDelegate.swift in Sources */ = {isa = PBXBuildFile; fileRef = AA544C941D0BB66C00DC1725 /* AppDelegate.swift */; };
		AA544C9A1D0BB66C00DC1725 /* Main.storyboard in Resources */ = {isa = PBXBuildFile; fileRef = AA544C981D0BB66C00DC1725 /* Main.storyboard */; };
		AA544C9C1D0BB66C00DC1725 /* Assets.xcassets in Resources */ = {isa = PBXBuildFile; fileRef = AA544C9B1D0BB66C00DC1725 /* Assets.xcassets */; };
		AA544C9F1D0BB66C00DC1725 /* LaunchScreen.storyboard in Resources */ = {isa = PBXBuildFile; fileRef = AA544C9D1D0BB66C00DC1725 /* LaunchScreen.storyboard */; };
		AA544CAB1D0C790400DC1725 /* UIAppearance.swift in Sources */ = {isa = PBXBuildFile; fileRef = AA544CAA1D0C790400DC1725 /* UIAppearance.swift */; };
		AA544CAD1D0C90DE00DC1725 /* DiscoverUtahTableViewController.swift in Sources */ = {isa = PBXBuildFile; fileRef = AA544CAC1D0C90DE00DC1725 /* DiscoverUtahTableViewController.swift */; };
		AA544CAF1D0C94DE00DC1725 /* OceanExplorerTableViewController.swift in Sources */ = {isa = PBXBuildFile; fileRef = AA544CAE1D0C94DE00DC1725 /* OceanExplorerTableViewController.swift */; };
		AA544CB11D0C98B700DC1725 /* JourneyToSouthAmericaTableViewController.swift in Sources */ = {isa = PBXBuildFile; fileRef = AA544CB01D0C98B700DC1725 /* JourneyToSouthAmericaTableViewController.swift */; };
		AA544CB31D0CAE1000DC1725 /* ExhibitGalleriesViewController.swift in Sources */ = {isa = PBXBuildFile; fileRef = AA544CB21D0CAE1000DC1725 /* ExhibitGalleriesViewController.swift */; };
		AA544CFA1D149C0A00DC1725 /* QRScannerViewController.swift in Sources */ = {isa = PBXBuildFile; fileRef = AA544CF91D149C0A00DC1725 /* QRScannerViewController.swift */; };
		AA6F4E641D3868F900FA20F7 /* Animations.swift in Sources */ = {isa = PBXBuildFile; fileRef = AA6F4E631D3868F900FA20F7 /* Animations.swift */; };
		AA6F4E661D386A2A00FA20F7 /* AnimalTableViewCell.swift in Sources */ = {isa = PBXBuildFile; fileRef = AA6F4E651D386A2A00FA20F7 /* AnimalTableViewCell.swift */; };
		AA6F4E681D3873D100FA20F7 /* Feeding.swift in Sources */ = {isa = PBXBuildFile; fileRef = AA6F4E671D3873D100FA20F7 /* Feeding.swift */; };
		AA6F4E6A1D38756800FA20F7 /* NotificationController.swift in Sources */ = {isa = PBXBuildFile; fileRef = AA6F4E691D38756800FA20F7 /* NotificationController.swift */; };
		AA8D05161D19DC930063F222 /* HomeViewController.swift in Sources */ = {isa = PBXBuildFile; fileRef = AA8D05151D19DC930063F222 /* HomeViewController.swift */; };
		AA9D6EE01D1CCD5000831AFE /* Animal.swift in Sources */ = {isa = PBXBuildFile; fileRef = AA9D6EDF1D1CCD5000831AFE /* Animal.swift */; };
		AA9D6EE61D281E7000831AFE /* AnimalFeedController.swift in Sources */ = {isa = PBXBuildFile; fileRef = AA9D6EE51D281E7000831AFE /* AnimalFeedController.swift */; };
		AA9D6EEA1D2888F000831AFE /* AnimalFeedCollectionViewController.swift in Sources */ = {isa = PBXBuildFile; fileRef = AA9D6EE91D2888F000831AFE /* AnimalFeedCollectionViewController.swift */; };
		AA9D6EEC1D288C4600831AFE /* AnimalFeedCollectionViewCell.swift in Sources */ = {isa = PBXBuildFile; fileRef = AA9D6EEB1D288C4600831AFE /* AnimalFeedCollectionViewCell.swift */; };
/* End PBXBuildFile section */

/* Begin PBXFileReference section */
		AA183F291D1A6DD200D31044 /* AnimalEncountersViewController.swift */ = {isa = PBXFileReference; fileEncoding = 4; lastKnownFileType = sourcecode.swift; path = AnimalEncountersViewController.swift; sourceTree = "<group>"; };
		AA183F2B1D1A767F00D31044 /* AnimalDetailViewController.swift */ = {isa = PBXFileReference; fileEncoding = 4; lastKnownFileType = sourcecode.swift; path = AnimalDetailViewController.swift; sourceTree = "<group>"; };
		AA544C911D0BB66C00DC1725 /* Aquarium.app */ = {isa = PBXFileReference; explicitFileType = wrapper.application; includeInIndex = 0; path = Aquarium.app; sourceTree = BUILT_PRODUCTS_DIR; };
		AA544C941D0BB66C00DC1725 /* AppDelegate.swift */ = {isa = PBXFileReference; lastKnownFileType = sourcecode.swift; path = AppDelegate.swift; sourceTree = "<group>"; };
		AA544C991D0BB66C00DC1725 /* Base */ = {isa = PBXFileReference; lastKnownFileType = file.storyboard; name = Base; path = Base.lproj/Main.storyboard; sourceTree = "<group>"; };
		AA544C9B1D0BB66C00DC1725 /* Assets.xcassets */ = {isa = PBXFileReference; lastKnownFileType = folder.assetcatalog; path = Assets.xcassets; sourceTree = "<group>"; };
		AA544C9E1D0BB66C00DC1725 /* Base */ = {isa = PBXFileReference; lastKnownFileType = file.storyboard; name = Base; path = Base.lproj/LaunchScreen.storyboard; sourceTree = "<group>"; };
		AA544CA01D0BB66C00DC1725 /* Info.plist */ = {isa = PBXFileReference; lastKnownFileType = text.plist.xml; path = Info.plist; sourceTree = "<group>"; };
		AA544CAA1D0C790400DC1725 /* UIAppearance.swift */ = {isa = PBXFileReference; fileEncoding = 4; lastKnownFileType = sourcecode.swift; path = UIAppearance.swift; sourceTree = "<group>"; };
		AA544CAC1D0C90DE00DC1725 /* DiscoverUtahTableViewController.swift */ = {isa = PBXFileReference; fileEncoding = 4; lastKnownFileType = sourcecode.swift; path = DiscoverUtahTableViewController.swift; sourceTree = "<group>"; };
		AA544CAE1D0C94DE00DC1725 /* OceanExplorerTableViewController.swift */ = {isa = PBXFileReference; fileEncoding = 4; lastKnownFileType = sourcecode.swift; path = OceanExplorerTableViewController.swift; sourceTree = "<group>"; };
		AA544CB01D0C98B700DC1725 /* JourneyToSouthAmericaTableViewController.swift */ = {isa = PBXFileReference; fileEncoding = 4; lastKnownFileType = sourcecode.swift; path = JourneyToSouthAmericaTableViewController.swift; sourceTree = "<group>"; };
		AA544CB21D0CAE1000DC1725 /* ExhibitGalleriesViewController.swift */ = {isa = PBXFileReference; fileEncoding = 4; lastKnownFileType = sourcecode.swift; name = ExhibitGalleriesViewController.swift; path = ../ExhibitGalleriesViewController.swift; sourceTree = "<group>"; };
		AA544CF91D149C0A00DC1725 /* QRScannerViewController.swift */ = {isa = PBXFileReference; fileEncoding = 4; lastKnownFileType = sourcecode.swift; name = QRScannerViewController.swift; path = ../QRScannerViewController.swift; sourceTree = "<group>"; };
		AA6F4E631D3868F900FA20F7 /* Animations.swift */ = {isa = PBXFileReference; fileEncoding = 4; lastKnownFileType = sourcecode.swift; path = Animations.swift; sourceTree = "<group>"; };
		AA6F4E651D386A2A00FA20F7 /* AnimalTableViewCell.swift */ = {isa = PBXFileReference; fileEncoding = 4; lastKnownFileType = sourcecode.swift; path = AnimalTableViewCell.swift; sourceTree = "<group>"; };
		AA6F4E671D3873D100FA20F7 /* Feeding.swift */ = {isa = PBXFileReference; fileEncoding = 4; lastKnownFileType = sourcecode.swift; path = Feeding.swift; sourceTree = "<group>"; };
		AA6F4E691D38756800FA20F7 /* NotificationController.swift */ = {isa = PBXFileReference; fileEncoding = 4; lastKnownFileType = sourcecode.swift; path = NotificationController.swift; sourceTree = "<group>"; };
		AA8D05151D19DC930063F222 /* HomeViewController.swift */ = {isa = PBXFileReference; fileEncoding = 4; lastKnownFileType = sourcecode.swift; path = HomeViewController.swift; sourceTree = "<group>"; };
		AA9D6EDF1D1CCD5000831AFE /* Animal.swift */ = {isa = PBXFileReference; fileEncoding = 4; lastKnownFileType = sourcecode.swift; path = Animal.swift; sourceTree = "<group>"; };
		AA9D6EE51D281E7000831AFE /* AnimalFeedController.swift */ = {isa = PBXFileReference; fileEncoding = 4; lastKnownFileType = sourcecode.swift; path = AnimalFeedController.swift; sourceTree = "<group>"; };
		AA9D6EE91D2888F000831AFE /* AnimalFeedCollectionViewController.swift */ = {isa = PBXFileReference; fileEncoding = 4; lastKnownFileType = sourcecode.swift; path = AnimalFeedCollectionViewController.swift; sourceTree = "<group>"; };
		AA9D6EEB1D288C4600831AFE /* AnimalFeedCollectionViewCell.swift */ = {isa = PBXFileReference; fileEncoding = 4; lastKnownFileType = sourcecode.swift; path = AnimalFeedCollectionViewCell.swift; sourceTree = "<group>"; };
/* End PBXFileReference section */

/* Begin PBXFrameworksBuildPhase section */
		AA544C8E1D0BB66B00DC1725 /* Frameworks */ = {
			isa = PBXFrameworksBuildPhase;
			buildActionMask = 2147483647;
			files = (
			);
			runOnlyForDeploymentPostprocessing = 0;
		};
/* End PBXFrameworksBuildPhase section */

/* Begin PBXGroup section */
		AA544C881D0BB66B00DC1725 = {
			isa = PBXGroup;
			children = (
				AA544C931D0BB66C00DC1725 /* Aquarium */,
				AA544C921D0BB66C00DC1725 /* Products */,
			);
			sourceTree = "<group>";
		};
		AA544C921D0BB66C00DC1725 /* Products */ = {
			isa = PBXGroup;
			children = (
				AA544C911D0BB66C00DC1725 /* Aquarium.app */,
			);
			name = Products;
			sourceTree = "<group>";
		};
		AA544C931D0BB66C00DC1725 /* Aquarium */ = {
			isa = PBXGroup;
			children = (
				AA544C941D0BB66C00DC1725 /* AppDelegate.swift */,
				AA544CB21D0CAE1000DC1725 /* ExhibitGalleriesViewController.swift */,
				AA544C981D0BB66C00DC1725 /* Main.storyboard */,
				AA6F4E651D386A2A00FA20F7 /* AnimalTableViewCell.swift */,
				AA9D6EE91D2888F000831AFE /* AnimalFeedCollectionViewController.swift */,
				AA9D6EEB1D288C4600831AFE /* AnimalFeedCollectionViewCell.swift */,
				AA6F4E671D3873D100FA20F7 /* Feeding.swift */,
				AA6F4E691D38756800FA20F7 /* NotificationController.swift */,
				AA9D6EE51D281E7000831AFE /* AnimalFeedController.swift */,
				AA9D6EDF1D1CCD5000831AFE /* Animal.swift */,
				AA183F291D1A6DD200D31044 /* AnimalEncountersViewController.swift */,
				AA8D05151D19DC930063F222 /* HomeViewController.swift */,
				AA6F4E631D3868F900FA20F7 /* Animations.swift */,
				AA544CAC1D0C90DE00DC1725 /* DiscoverUtahTableViewController.swift */,
				AA544CB01D0C98B700DC1725 /* JourneyToSouthAmericaTableViewController.swift */,
				AA544CAE1D0C94DE00DC1725 /* OceanExplorerTableViewController.swift */,
				AA183F2B1D1A767F00D31044 /* AnimalDetailViewController.swift */,
				AA544CF91D149C0A00DC1725 /* QRScannerViewController.swift */,
				AA544CAA1D0C790400DC1725 /* UIAppearance.swift */,
				AA544C9B1D0BB66C00DC1725 /* Assets.xcassets */,
				AA544C9D1D0BB66C00DC1725 /* LaunchScreen.storyboard */,
				AA544CA01D0BB66C00DC1725 /* Info.plist */,
			);
			path = Aquarium;
			sourceTree = "<group>";
		};
/* End PBXGroup section */

/* Begin PBXNativeTarget section */
		AA544C901D0BB66B00DC1725 /* Aquarium */ = {
			isa = PBXNativeTarget;
			buildConfigurationList = AA544CA31D0BB66C00DC1725 /* Build configuration list for PBXNativeTarget "Aquarium" */;
			buildPhases = (
				AA544C8D1D0BB66B00DC1725 /* Sources */,
				AA544C8E1D0BB66B00DC1725 /* Frameworks */,
				AA544C8F1D0BB66B00DC1725 /* Resources */,
			);
			buildRules = (
			);
			dependencies = (
			);
			name = Aquarium;
			productName = Aquarium;
			productReference = AA544C911D0BB66C00DC1725 /* Aquarium.app */;
			productType = "com.apple.product-type.application";
		};
/* End PBXNativeTarget section */

/* Begin PBXProject section */
		AA544C891D0BB66B00DC1725 /* Project object */ = {
			isa = PBXProject;
			attributes = {
				LastSwiftUpdateCheck = 0730;
				LastUpgradeCheck = 0730;
				ORGANIZATIONNAME = "Forrest Syrett";
				TargetAttributes = {
					AA544C901D0BB66B00DC1725 = {
						CreatedOnToolsVersion = 7.3.1;
						DevelopmentTeam = 52T93X8W2H;
					};
				};
			};
			buildConfigurationList = AA544C8C1D0BB66B00DC1725 /* Build configuration list for PBXProject "Aquarium" */;
			compatibilityVersion = "Xcode 3.2";
			developmentRegion = English;
			hasScannedForEncodings = 0;
			knownRegions = (
				en,
				Base,
			);
			mainGroup = AA544C881D0BB66B00DC1725;
			productRefGroup = AA544C921D0BB66C00DC1725 /* Products */;
			projectDirPath = "";
			projectRoot = "";
			targets = (
				AA544C901D0BB66B00DC1725 /* Aquarium */,
			);
		};
/* End PBXProject section */

/* Begin PBXResourcesBuildPhase section */
		AA544C8F1D0BB66B00DC1725 /* Resources */ = {
			isa = PBXResourcesBuildPhase;
			buildActionMask = 2147483647;
			files = (
				AA544C9F1D0BB66C00DC1725 /* LaunchScreen.storyboard in Resources */,
				AA544C9C1D0BB66C00DC1725 /* Assets.xcassets in Resources */,
				AA544C9A1D0BB66C00DC1725 /* Main.storyboard in Resources */,
			);
			runOnlyForDeploymentPostprocessing = 0;
		};
/* End PBXResourcesBuildPhase section */

/* Begin PBXSourcesBuildPhase section */
		AA544C8D1D0BB66B00DC1725 /* Sources */ = {
			isa = PBXSourcesBuildPhase;
			buildActionMask = 2147483647;
			files = (
				AA183F2C1D1A767F00D31044 /* AnimalDetailViewController.swift in Sources */,
				AA544CB11D0C98B700DC1725 /* JourneyToSouthAmericaTableViewController.swift in Sources */,
				AA6F4E681D3873D100FA20F7 /* Feeding.swift in Sources */,
				AA544CAD1D0C90DE00DC1725 /* DiscoverUtahTableViewController.swift in Sources */,
				AA9D6EEA1D2888F000831AFE /* AnimalFeedCollectionViewController.swift in Sources */,
				AA544CB31D0CAE1000DC1725 /* ExhibitGalleriesViewController.swift in Sources */,
				AA6F4E6A1D38756800FA20F7 /* NotificationController.swift in Sources */,
				AA9D6EE01D1CCD5000831AFE /* Animal.swift in Sources */,
				AA544CFA1D149C0A00DC1725 /* QRScannerViewController.swift in Sources */,
				AA8D05161D19DC930063F222 /* HomeViewController.swift in Sources */,
				AA9D6EEC1D288C4600831AFE /* AnimalFeedCollectionViewCell.swift in Sources */,
				AA6F4E661D386A2A00FA20F7 /* AnimalTableViewCell.swift in Sources */,
				AA183F2A1D1A6DD300D31044 /* AnimalEncountersViewController.swift in Sources */,
				AA544C951D0BB66C00DC1725 /* AppDelegate.swift in Sources */,
				AA6F4E641D3868F900FA20F7 /* Animations.swift in Sources */,
				AA544CAB1D0C790400DC1725 /* UIAppearance.swift in Sources */,
				AA544CAF1D0C94DE00DC1725 /* OceanExplorerTableViewController.swift in Sources */,
				AA9D6EE61D281E7000831AFE /* AnimalFeedController.swift in Sources */,
			);
			runOnlyForDeploymentPostprocessing = 0;
		};
/* End PBXSourcesBuildPhase section */

/* Begin PBXVariantGroup section */
		AA544C981D0BB66C00DC1725 /* Main.storyboard */ = {
			isa = PBXVariantGroup;
			children = (
				AA544C991D0BB66C00DC1725 /* Base */,
			);
			name = Main.storyboard;
			sourceTree = "<group>";
		};
		AA544C9D1D0BB66C00DC1725 /* LaunchScreen.storyboard */ = {
			isa = PBXVariantGroup;
			children = (
				AA544C9E1D0BB66C00DC1725 /* Base */,
			);
			name = LaunchScreen.storyboard;
			sourceTree = "<group>";
		};
/* End PBXVariantGroup section */

/* Begin XCBuildConfiguration section */
		AA544CA11D0BB66C00DC1725 /* Debug */ = {
			isa = XCBuildConfiguration;
			buildSettings = {
				ALWAYS_SEARCH_USER_PATHS = NO;
				CLANG_ANALYZER_NONNULL = YES;
				CLANG_CXX_LANGUAGE_STANDARD = "gnu++0x";
				CLANG_CXX_LIBRARY = "libc++";
				CLANG_ENABLE_MODULES = YES;
				CLANG_ENABLE_OBJC_ARC = YES;
				CLANG_WARN_BOOL_CONVERSION = YES;
				CLANG_WARN_CONSTANT_CONVERSION = YES;
				CLANG_WARN_DIRECT_OBJC_ISA_USAGE = YES_ERROR;
				CLANG_WARN_EMPTY_BODY = YES;
				CLANG_WARN_ENUM_CONVERSION = YES;
				CLANG_WARN_INT_CONVERSION = YES;
				CLANG_WARN_OBJC_ROOT_CLASS = YES_ERROR;
				CLANG_WARN_UNREACHABLE_CODE = YES;
				CLANG_WARN__DUPLICATE_METHOD_MATCH = YES;
				"CODE_SIGN_IDENTITY[sdk=iphoneos*]" = "iPhone Developer";
				COPY_PHASE_STRIP = NO;
				DEBUG_INFORMATION_FORMAT = dwarf;
				ENABLE_STRICT_OBJC_MSGSEND = YES;
				ENABLE_TESTABILITY = YES;
				GCC_C_LANGUAGE_STANDARD = gnu99;
				GCC_DYNAMIC_NO_PIC = NO;
				GCC_NO_COMMON_BLOCKS = YES;
				GCC_OPTIMIZATION_LEVEL = 0;
				GCC_PREPROCESSOR_DEFINITIONS = (
					"DEBUG=1",
					"$(inherited)",
				);
				GCC_WARN_64_TO_32_BIT_CONVERSION = YES;
				GCC_WARN_ABOUT_RETURN_TYPE = YES_ERROR;
				GCC_WARN_UNDECLARED_SELECTOR = YES;
				GCC_WARN_UNINITIALIZED_AUTOS = YES_AGGRESSIVE;
				GCC_WARN_UNUSED_FUNCTION = YES;
				GCC_WARN_UNUSED_VARIABLE = YES;
				IPHONEOS_DEPLOYMENT_TARGET = 9.3;
				MTL_ENABLE_DEBUG_INFO = YES;
				ONLY_ACTIVE_ARCH = YES;
				SDKROOT = iphoneos;
				SWIFT_OPTIMIZATION_LEVEL = "-Onone";
			};
			name = Debug;
		};
		AA544CA21D0BB66C00DC1725 /* Release */ = {
			isa = XCBuildConfiguration;
			buildSettings = {
				ALWAYS_SEARCH_USER_PATHS = NO;
				CLANG_ANALYZER_NONNULL = YES;
				CLANG_CXX_LANGUAGE_STANDARD = "gnu++0x";
				CLANG_CXX_LIBRARY = "libc++";
				CLANG_ENABLE_MODULES = YES;
				CLANG_ENABLE_OBJC_ARC = YES;
				CLANG_WARN_BOOL_CONVERSION = YES;
				CLANG_WARN_CONSTANT_CONVERSION = YES;
				CLANG_WARN_DIRECT_OBJC_ISA_USAGE = YES_ERROR;
				CLANG_WARN_EMPTY_BODY = YES;
				CLANG_WARN_ENUM_CONVERSION = YES;
				CLANG_WARN_INT_CONVERSION = YES;
				CLANG_WARN_OBJC_ROOT_CLASS = YES_ERROR;
				CLANG_WARN_UNREACHABLE_CODE = YES;
				CLANG_WARN__DUPLICATE_METHOD_MATCH = YES;
				"CODE_SIGN_IDENTITY[sdk=iphoneos*]" = "iPhone Developer";
				COPY_PHASE_STRIP = NO;
				DEBUG_INFORMATION_FORMAT = "dwarf-with-dsym";
				ENABLE_NS_ASSERTIONS = NO;
				ENABLE_STRICT_OBJC_MSGSEND = YES;
				GCC_C_LANGUAGE_STANDARD = gnu99;
				GCC_NO_COMMON_BLOCKS = YES;
				GCC_WARN_64_TO_32_BIT_CONVERSION = YES;
				GCC_WARN_ABOUT_RETURN_TYPE = YES_ERROR;
				GCC_WARN_UNDECLARED_SELECTOR = YES;
				GCC_WARN_UNINITIALIZED_AUTOS = YES_AGGRESSIVE;
				GCC_WARN_UNUSED_FUNCTION = YES;
				GCC_WARN_UNUSED_VARIABLE = YES;
				IPHONEOS_DEPLOYMENT_TARGET = 9.3;
				MTL_ENABLE_DEBUG_INFO = NO;
				SDKROOT = iphoneos;
				VALIDATE_PRODUCT = YES;
			};
			name = Release;
		};
		AA544CA41D0BB66C00DC1725 /* Debug */ = {
			isa = XCBuildConfiguration;
			buildSettings = {
				ASSETCATALOG_COMPILER_APPICON_NAME = AppIcon;
				INFOPLIST_FILE = Aquarium/Info.plist;
				LD_RUNPATH_SEARCH_PATHS = "$(inherited) @executable_path/Frameworks";
				PRODUCT_BUNDLE_IDENTIFIER = com.forrestsyrett.Aquarium;
				PRODUCT_NAME = "$(TARGET_NAME)";
				TARGETED_DEVICE_FAMILY = "1,2";
			};
			name = Debug;
		};
		AA544CA51D0BB66C00DC1725 /* Release */ = {
			isa = XCBuildConfiguration;
			buildSettings = {
				ASSETCATALOG_COMPILER_APPICON_NAME = AppIcon;
				INFOPLIST_FILE = Aquarium/Info.plist;
				LD_RUNPATH_SEARCH_PATHS = "$(inherited) @executable_path/Frameworks";
				PRODUCT_BUNDLE_IDENTIFIER = com.forrestsyrett.Aquarium;
				PRODUCT_NAME = "$(TARGET_NAME)";
				TARGETED_DEVICE_FAMILY = "1,2";
			};
			name = Release;
		};
/* End XCBuildConfiguration section */

/* Begin XCConfigurationList section */
		AA544C8C1D0BB66B00DC1725 /* Build configuration list for PBXProject "Aquarium" */ = {
			isa = XCConfigurationList;
			buildConfigurations = (
				AA544CA11D0BB66C00DC1725 /* Debug */,
				AA544CA21D0BB66C00DC1725 /* Release */,
			);
			defaultConfigurationIsVisible = 0;
			defaultConfigurationName = Release;
		};
		AA544CA31D0BB66C00DC1725 /* Build configuration list for PBXNativeTarget "Aquarium" */ = {
			isa = XCConfigurationList;
			buildConfigurations = (
				AA544CA41D0BB66C00DC1725 /* Debug */,
				AA544CA51D0BB66C00DC1725 /* Release */,
			);
			defaultConfigurationIsVisible = 0;
			defaultConfigurationName = Release;
		};
/* End XCConfigurationList section */
	};
	rootObject = AA544C891D0BB66B00DC1725 /* Project object */;
}
